
Microsoft Visual Studio Solution File, Format Version 12.00
# Visual Studio 14
VisualStudioVersion = 14.0.25420.1
MinimumVisualStudioVersion = 10.0.40219.1
Project("{FAE04EC0-301F-11D3-BF4B-00C04F79EFBC}") = "TestConsole", "TestConsole\TestConsole.csproj", "{3A28D92D-ED27-496D-92BA-A365C35D3F3E}"
EndProject
Project("{2150E333-8FDC-42A3-9474-1A3956D46DE8}") = "CreationalPatterns", "CreationalPatterns", "{91B43912-6EB3-4CA5-A473-0A5D04CBA219}"
EndProject
Project("{FAE04EC0-301F-11D3-BF4B-00C04F79EFBC}") = "AbstractFactory", "AbstractFactory\AbstractFactory.csproj", "{5BE45B21-FD12-45B8-A348-86414559EDF9}"
EndProject
Project("{FAE04EC0-301F-11D3-BF4B-00C04F79EFBC}") = "FactoryMethod", "FactoryMethod\FactoryMethod.csproj", "{8AA45FC1-D167-41D7-A1D2-3912887B8195}"
EndProject
Project("{2150E333-8FDC-42A3-9474-1A3956D46DE8}") = "Tutorial", "Tutorial", "{8C8DE478-CB32-4B08-AD52-FC7982C3418B}"
EndProject
Project("{2150E333-8FDC-42A3-9474-1A3956D46DE8}") = "Creational", "Creational", "{8A00DD23-A0C1-43F5-B5A2-8DF1367134F9}"
EndProject
Project("{FAE04EC0-301F-11D3-BF4B-00C04F79EFBC}") = "Tutorial.Singleton", "Tutorial\Creational\Singleton\Tutorial.Singleton.csproj", "{EB5C2C6B-80EF-4737-A7F6-F46193474A50}"
EndProject
Project("{FAE04EC0-301F-11D3-BF4B-00C04F79EFBC}") = "Tutorial.FactoryMethod", "Tutorial\Creational\Tutorial.Creational.FactoryMethod\Tutorial.FactoryMethod.csproj", "{3695A845-DFE6-450A-8573-DCD6A048CE49}"
EndProject
Project("{FAE04EC0-301F-11D3-BF4B-00C04F79EFBC}") = "Tutorial.AbstractFactory", "Tutorial\Creational\Tutorial.AbstractFactory\Tutorial.AbstractFactory.csproj", "{E2583F35-646E-45A6-A088-68336831C27C}"
EndProject
Project("{FAE04EC0-301F-11D3-BF4B-00C04F79EFBC}") = "Tutorial.Prototype", "Tutorial\Creational\Tutorial.Prototype\Tutorial.Prototype.csproj", "{6397916B-5B1A-47D4-91D1-52F74ED24872}"
EndProject
Project("{FAE04EC0-301F-11D3-BF4B-00C04F79EFBC}") = "Tutorial.Builder", "Tutorial\Creational\Tutorial.Builder\Tutorial.Builder.csproj", "{8808A837-4ADB-4446-B8AA-C89D2D0065E1}"
EndProject
Project("{2150E333-8FDC-42A3-9474-1A3956D46DE8}") = "Structural", "Structural", "{C31BB8D3-2686-4E3B-8E7D-0B59EA40351B}"
EndProject
Project("{FAE04EC0-301F-11D3-BF4B-00C04F79EFBC}") = "Tutorial.Facade", "Tutorial\Structural\Tutorial.Facade\Tutorial.Facade.csproj", "{0E6ED51E-0E5C-4AB1-833F-64EF1F939F79}"
EndProject
Project("{FAE04EC0-301F-11D3-BF4B-00C04F79EFBC}") = "Tutorial.Adapter", "Tutorial\Structural\Tutorial.Adapter\Tutorial.Adapter.csproj", "{05EFAA8C-C538-4CFC-A5E1-F2C2A4BAFE7C}"
EndProject
Project("{FAE04EC0-301F-11D3-BF4B-00C04F79EFBC}") = "Tutorial.Composite", "Tutorial\Structural\Tutorial.Composite\Tutorial.Composite.csproj", "{680F1781-AC80-4472-B421-C6C553B8AF03}"
EndProject
Project("{FAE04EC0-301F-11D3-BF4B-00C04F79EFBC}") = "Tutorial.Proxy", "Tutorial\Structural\Tutorial.Proxy\Tutorial.Proxy.csproj", "{B311B51D-90A8-4507-ABE3-39C1A24E8379}"
EndProject
Global
	GlobalSection(SolutionConfigurationPlatforms) = preSolution
		Debug|Any CPU = Debug|Any CPU
		Release|Any CPU = Release|Any CPU
	EndGlobalSection
	GlobalSection(ProjectConfigurationPlatforms) = postSolution
		{3A28D92D-ED27-496D-92BA-A365C35D3F3E}.Debug|Any CPU.ActiveCfg = Debug|Any CPU
		{3A28D92D-ED27-496D-92BA-A365C35D3F3E}.Debug|Any CPU.Build.0 = Debug|Any CPU
		{3A28D92D-ED27-496D-92BA-A365C35D3F3E}.Release|Any CPU.ActiveCfg = Release|Any CPU
		{3A28D92D-ED27-496D-92BA-A365C35D3F3E}.Release|Any CPU.Build.0 = Release|Any CPU
		{5BE45B21-FD12-45B8-A348-86414559EDF9}.Debug|Any CPU.ActiveCfg = Debug|Any CPU
		{5BE45B21-FD12-45B8-A348-86414559EDF9}.Debug|Any CPU.Build.0 = Debug|Any CPU
		{5BE45B21-FD12-45B8-A348-86414559EDF9}.Release|Any CPU.ActiveCfg = Release|Any CPU
		{5BE45B21-FD12-45B8-A348-86414559EDF9}.Release|Any CPU.Build.0 = Release|Any CPU
		{8AA45FC1-D167-41D7-A1D2-3912887B8195}.Debug|Any CPU.ActiveCfg = Debug|Any CPU
		{8AA45FC1-D167-41D7-A1D2-3912887B8195}.Debug|Any CPU.Build.0 = Debug|Any CPU
		{8AA45FC1-D167-41D7-A1D2-3912887B8195}.Release|Any CPU.ActiveCfg = Release|Any CPU
		{8AA45FC1-D167-41D7-A1D2-3912887B8195}.Release|Any CPU.Build.0 = Release|Any CPU
		{EB5C2C6B-80EF-4737-A7F6-F46193474A50}.Debug|Any CPU.ActiveCfg = Debug|Any CPU
		{EB5C2C6B-80EF-4737-A7F6-F46193474A50}.Debug|Any CPU.Build.0 = Debug|Any CPU
		{EB5C2C6B-80EF-4737-A7F6-F46193474A50}.Release|Any CPU.ActiveCfg = Release|Any CPU
		{EB5C2C6B-80EF-4737-A7F6-F46193474A50}.Release|Any CPU.Build.0 = Release|Any CPU
		{3695A845-DFE6-450A-8573-DCD6A048CE49}.Debug|Any CPU.ActiveCfg = Debug|Any CPU
		{3695A845-DFE6-450A-8573-DCD6A048CE49}.Debug|Any CPU.Build.0 = Debug|Any CPU
		{3695A845-DFE6-450A-8573-DCD6A048CE49}.Release|Any CPU.ActiveCfg = Release|Any CPU
		{3695A845-DFE6-450A-8573-DCD6A048CE49}.Release|Any CPU.Build.0 = Release|Any CPU
		{E2583F35-646E-45A6-A088-68336831C27C}.Debug|Any CPU.ActiveCfg = Debug|Any CPU
		{E2583F35-646E-45A6-A088-68336831C27C}.Debug|Any CPU.Build.0 = Debug|Any CPU
		{E2583F35-646E-45A6-A088-68336831C27C}.Release|Any CPU.ActiveCfg = Release|Any CPU
		{E2583F35-646E-45A6-A088-68336831C27C}.Release|Any CPU.Build.0 = Release|Any CPU
		{6397916B-5B1A-47D4-91D1-52F74ED24872}.Debug|Any CPU.ActiveCfg = Debug|Any CPU
		{6397916B-5B1A-47D4-91D1-52F74ED24872}.Debug|Any CPU.Build.0 = Debug|Any CPU
		{6397916B-5B1A-47D4-91D1-52F74ED24872}.Release|Any CPU.ActiveCfg = Release|Any CPU
		{6397916B-5B1A-47D4-91D1-52F74ED24872}.Release|Any CPU.Build.0 = Release|Any CPU
		{8808A837-4ADB-4446-B8AA-C89D2D0065E1}.Debug|Any CPU.ActiveCfg = Debug|Any CPU
		{8808A837-4ADB-4446-B8AA-C89D2D0065E1}.Debug|Any CPU.Build.0 = Debug|Any CPU
		{8808A837-4ADB-4446-B8AA-C89D2D0065E1}.Release|Any CPU.ActiveCfg = Release|Any CPU
		{8808A837-4ADB-4446-B8AA-C89D2D0065E1}.Release|Any CPU.Build.0 = Release|Any CPU
		{0E6ED51E-0E5C-4AB1-833F-64EF1F939F79}.Debug|Any CPU.ActiveCfg = Debug|Any CPU
		{0E6ED51E-0E5C-4AB1-833F-64EF1F939F79}.Debug|Any CPU.Build.0 = Debug|Any CPU
		{0E6ED51E-0E5C-4AB1-833F-64EF1F939F79}.Release|Any CPU.ActiveCfg = Release|Any CPU
		{0E6ED51E-0E5C-4AB1-833F-64EF1F939F79}.Release|Any CPU.Build.0 = Release|Any CPU
		{05EFAA8C-C538-4CFC-A5E1-F2C2A4BAFE7C}.Debug|Any CPU.ActiveCfg = Debug|Any CPU
		{05EFAA8C-C538-4CFC-A5E1-F2C2A4BAFE7C}.Debug|Any CPU.Build.0 = Debug|Any CPU
		{05EFAA8C-C538-4CFC-A5E1-F2C2A4BAFE7C}.Release|Any CPU.ActiveCfg = Release|Any CPU
		{05EFAA8C-C538-4CFC-A5E1-F2C2A4BAFE7C}.Release|Any CPU.Build.0 = Release|Any CPU
		{680F1781-AC80-4472-B421-C6C553B8AF03}.Debug|Any CPU.ActiveCfg = Debug|Any CPU
		{680F1781-AC80-4472-B421-C6C553B8AF03}.Debug|Any CPU.Build.0 = Debug|Any CPU
		{680F1781-AC80-4472-B421-C6C553B8AF03}.Release|Any CPU.ActiveCfg = Release|Any CPU
		{680F1781-AC80-4472-B421-C6C553B8AF03}.Release|Any CPU.Build.0 = Release|Any CPU
		{B311B51D-90A8-4507-ABE3-39C1A24E8379}.Debug|Any CPU.ActiveCfg = Debug|Any CPU
		{B311B51D-90A8-4507-ABE3-39C1A24E8379}.Debug|Any CPU.Build.0 = Debug|Any CPU
		{B311B51D-90A8-4507-ABE3-39C1A24E8379}.Release|Any CPU.ActiveCfg = Release|Any CPU
		{B311B51D-90A8-4507-ABE3-39C1A24E8379}.Release|Any CPU.Build.0 = Release|Any CPU
	EndGlobalSection
	GlobalSection(SolutionProperties) = preSolution
		HideSolutionNode = FALSE
	EndGlobalSection
	GlobalSection(NestedProjects) = preSolution
		{5BE45B21-FD12-45B8-A348-86414559EDF9} = {91B43912-6EB3-4CA5-A473-0A5D04CBA219}
		{8AA45FC1-D167-41D7-A1D2-3912887B8195} = {91B43912-6EB3-4CA5-A473-0A5D04CBA219}
		{8A00DD23-A0C1-43F5-B5A2-8DF1367134F9} = {8C8DE478-CB32-4B08-AD52-FC7982C3418B}
		{EB5C2C6B-80EF-4737-A7F6-F46193474A50} = {8A00DD23-A0C1-43F5-B5A2-8DF1367134F9}
		{3695A845-DFE6-450A-8573-DCD6A048CE49} = {8A00DD23-A0C1-43F5-B5A2-8DF1367134F9}
		{E2583F35-646E-45A6-A088-68336831C27C} = {8A00DD23-A0C1-43F5-B5A2-8DF1367134F9}
		{6397916B-5B1A-47D4-91D1-52F74ED24872} = {8A00DD23-A0C1-43F5-B5A2-8DF1367134F9}
		{8808A837-4ADB-4446-B8AA-C89D2D0065E1} = {8A00DD23-A0C1-43F5-B5A2-8DF1367134F9}
		{C31BB8D3-2686-4E3B-8E7D-0B59EA40351B} = {8C8DE478-CB32-4B08-AD52-FC7982C3418B}
		{0E6ED51E-0E5C-4AB1-833F-64EF1F939F79} = {C31BB8D3-2686-4E3B-8E7D-0B59EA40351B}
		{05EFAA8C-C538-4CFC-A5E1-F2C2A4BAFE7C} = {C31BB8D3-2686-4E3B-8E7D-0B59EA40351B}
		{680F1781-AC80-4472-B421-C6C553B8AF03} = {C31BB8D3-2686-4E3B-8E7D-0B59EA40351B}
		{B311B51D-90A8-4507-ABE3-39C1A24E8379} = {C31BB8D3-2686-4E3B-8E7D-0B59EA40351B}
	EndGlobalSection
EndGlobal
